SITE
  remote: http://community.opscode.com/api/v1
  specs:
    build-essential (1.4.2)
    chef_gem (0.1.0)

GIT
  remote: https://github.com/fnichol/chef-rvm.git
  ref: master
  sha: 26ad5c043c70ea98855a049fbbacb7ffc5ad73e3
  specs:
    rvm (0.9.1)
      chef_gem (>= 0.0.0)

GIT
  remote: https://github.com/opscode-cookbooks/apt.git
  ref: master
  sha: 5dad8fd66f3abf612a25dfce12ec5bdc243a3e3c
  specs:
    apt (2.3.5)

GIT
  remote: https://github.com/opscode-cookbooks/imagemagick.git
  ref: master
  sha: e80c1ca66b0a905cbb6096ee1e5fa19911067208
  specs:
    imagemagick (0.2.2)

GIT
  remote: https://github.com/phlipper/chef-pygments.git
  ref: master
  sha: b8c9350ff8fec008d290155657e959fa3ed22867
  specs:
    pygments (1.0.0)

DEPENDENCIES
  apt (>= 0)
  build-essential (>= 0)
  imagemagick (>= 0)
  pygments (>= 0)
  rvm (>= 0)

